
Microsoft Visual Studio Solution File, Format Version 12.00
# Visual Studio Version 17
VisualStudioVersion = 17.9.34723.18
MinimumVisualStudioVersion = 10.0.40219.1
Project("{FAE04EC0-301F-11D3-BF4B-00C04F79EFBC}") = "MandelbrotTE22", "MandelbrotTE22\MandelbrotTE22.csproj", "{95D6D5AC-6EE2-4FCA-8765-ABAD7E4CBDEB}"
EndProject
Global
	GlobalSection(SolutionConfigurationPlatforms) = preSolution
		Debug|Any CPU = Debug|Any CPU
		Release|Any CPU = Release|Any CPU
	EndGlobalSection
	GlobalSection(ProjectConfigurationPlatforms) = postSolution
		{95D6D5AC-6EE2-4FCA-8765-ABAD7E4CBDEB}.Debug|Any CPU.ActiveCfg = Debug|Any CPU
		{95D6D5AC-6EE2-4FCA-8765-ABAD7E4CBDEB}.Debug|Any CPU.Build.0 = Debug|Any CPU
		{95D6D5AC-6EE2-4FCA-8765-ABAD7E4CBDEB}.Release|Any CPU.ActiveCfg = Release|Any CPU
		{95D6D5AC-6EE2-4FCA-8765-ABAD7E4CBDEB}.Release|Any CPU.Build.0 = Release|Any CPU
	EndGlobalSection
	GlobalSection(SolutionProperties) = preSolution
		HideSolutionNode = FALSE
	EndGlobalSection
	GlobalSection(ExtensibilityGlobals) = postSolution
		SolutionGuid = {09FE5AC6-EE09-443C-905E-B235D37E6885}
	EndGlobalSection
EndGlobal
